{
  "version": 4,
  "terraform_version": "1.4.0",
  "serial": 19,
  "lineage": "dccc981b-8a3b-fb93-f17a-ea955609f04f",
  "outputs": {},
  "resources": [
    {
      "mode": "data",
      "type": "civo_size",
      "name": "medium",
      "provider": "provider[\"registry.terraform.io/civo/civo\"]",
      "instances": [
        {
          "schema_version": 0,
          "attributes": {
            "filter": [
              {
                "all": false,
                "key": "name",
                "match_by": "re",
                "values": [
                  "g4s.kube.medium"
                ]
              }
            ],
            "id": "terraform-20230319113441090600000001",
            "sizes": [
              {
                "cpu": 2,
                "description": "Medium - Standard",
                "disk": 50,
                "name": "g4s.kube.medium",
                "ram": 4096,
                "selectable": true,
                "type": "kubernetes"
              }
            ],
            "sort": null
          },
          "sensitive_attributes": []
        }
      ]
    },
    {
      "mode": "managed",
      "type": "civo_firewall",
      "name": "fw_project",
      "provider": "provider[\"registry.terraform.io/civo/civo\"]",
      "instances": [
        {
          "schema_version": 0,
          "attributes": {
            "create_default_rules": true,
            "egress_rule": [
              {
                "action": "allow",
                "cidr": [
                  "0.0.0.0/0"
                ],
                "id": "0fe8c39f-99cd-4525-9ab8-e7003c166fc7",
                "label": "Ping/traceroute",
                "port_range": "",
                "protocol": "icmp"
              },
              {
                "action": "allow",
                "cidr": [
                  "0.0.0.0/0"
                ],
                "id": "72fe75e5-4de8-4579-b5bd-fa1b253642dc",
                "label": "All TCP ports open",
                "port_range": "1-65535",
                "protocol": "tcp"
              },
              {
                "action": "allow",
                "cidr": [
                  "0.0.0.0/0"
                ],
                "id": "9cf9fcbd-1116-495c-9b02-c9a038025b3d",
                "label": "All UDP ports open",
                "port_range": "1-65535",
                "protocol": "udp"
              }
            ],
            "id": "5b0bdb2a-d7ab-46d1-a37d-0969d41ec93e",
            "ingress_rule": [
              {
                "action": "allow",
                "cidr": [
                  "0.0.0.0/0"
                ],
                "id": "6e5a1c85-8176-4b1c-8d5d-449c173438f1",
                "label": "Ping/traceroute",
                "port_range": "",
                "protocol": "icmp"
              },
              {
                "action": "allow",
                "cidr": [
                  "0.0.0.0/0"
                ],
                "id": "a114f75c-97ff-4688-8b81-5a733d447dcf",
                "label": "All UDP ports open",
                "port_range": "1-65535",
                "protocol": "udp"
              },
              {
                "action": "allow",
                "cidr": [
                  "0.0.0.0/0"
                ],
                "id": "e320b62d-dfd5-4613-b313-6e994f199f2e",
                "label": "All TCP ports open",
                "port_range": "1-65535",
                "protocol": "tcp"
              }
            ],
            "name": "fw_project",
            "network_id": "5bdf1729-0a3f-46a9-b066-931de0f38b7d",
            "region": "FRA1"
          },
          "sensitive_attributes": [],
          "private": "bnVsbA=="
        }
      ]
    },
    {
      "mode": "managed",
      "type": "civo_firewall_rule",
      "name": "kubernetes_api",
      "provider": "provider[\"registry.terraform.io/civo/civo\"]",
      "instances": [
        {
          "schema_version": 0,
          "attributes": {
            "action": "allow",
            "cidr": [
              "0.0.0.0/0"
            ],
            "direction": "ingress",
            "end_port": "6443",
            "firewall_id": "5b0bdb2a-d7ab-46d1-a37d-0969d41ec93e",
            "id": "8ef344ed-a9d6-4f43-88bb-aa0703cc3f1a",
            "label": "kubernetes_api",
            "protocol": "tcp",
            "region": null,
            "start_port": "6443"
          },
          "sensitive_attributes": [],
          "private": "bnVsbA==",
          "dependencies": [
            "civo_firewall.fw_project"
          ]
        }
      ]
    },
    {
      "mode": "managed",
      "type": "civo_firewall_rule",
      "name": "kubernetes_http",
      "provider": "provider[\"registry.terraform.io/civo/civo\"]",
      "instances": [
        {
          "schema_version": 0,
          "attributes": {
            "action": "allow",
            "cidr": [
              "0.0.0.0/0"
            ],
            "direction": "ingress",
            "end_port": "80",
            "firewall_id": "5b0bdb2a-d7ab-46d1-a37d-0969d41ec93e",
            "id": "3fd406b8-6298-40aa-b673-4fdf822ad040",
            "label": "kubernetes_http",
            "protocol": "tcp",
            "region": null,
            "start_port": "80"
          },
          "sensitive_attributes": [],
          "private": "bnVsbA==",
          "dependencies": [
            "civo_firewall.fw_project"
          ]
        }
      ]
    },
    {
      "mode": "managed",
      "type": "civo_firewall_rule",
      "name": "kubernetes_https",
      "provider": "provider[\"registry.terraform.io/civo/civo\"]",
      "instances": [
        {
          "schema_version": 0,
          "attributes": {
            "action": "allow",
            "cidr": [
              "0.0.0.0/0"
            ],
            "direction": "ingress",
            "end_port": "443",
            "firewall_id": "5b0bdb2a-d7ab-46d1-a37d-0969d41ec93e",
            "id": "f572edb9-8efb-4aff-be10-b13255162e76",
            "label": "kubernetes_https",
            "protocol": "tcp",
            "region": null,
            "start_port": "443"
          },
          "sensitive_attributes": [],
          "private": "bnVsbA==",
          "dependencies": [
            "civo_firewall.fw_project"
          ]
        }
      ]
    },
    {
      "mode": "managed",
      "type": "civo_kubernetes_cluster",
      "name": "k8s_demo_1",
      "provider": "provider[\"registry.terraform.io/civo/civo\"]",
      "instances": [
        {
          "schema_version": 0,
          "attributes": {
            "api_endpoint": "https://74.220.27.104:6443",
            "applications": "",
            "cluster_type": "k3s",
            "cni": "flannel",
            "created_at": "2023-03-19 11:34:54 +0000 UTC",
            "dns_entry": "d0be8780-27c2-4130-a683-820aa97baeb1.k8s.civo.com",
            "firewall_id": "5b0bdb2a-d7ab-46d1-a37d-0969d41ec93e",
            "id": "d0be8780-27c2-4130-a683-820aa97baeb1",
            "installed_applications": [],
            "kubeconfig": "apiVersion: v1\nclusters:\n- cluster:\n    certificate-authority-data: LS0tLS1CRUdJTiBDRVJUSUZJQ0FURS0tLS0tCk1JSUJkekNDQVIyZ0F3SUJBZ0lCQURBS0JnZ3Foa2pPUFFRREFqQWpNU0V3SHdZRFZRUUREQmhyTTNNdGMyVnkKZG1WeUxXTmhRREUyTnpreU1qVTNOamd3SGhjTk1qTXdNekU1TVRFek5qQTRXaGNOTXpNd016RTJNVEV6TmpBNApXakFqTVNFd0h3WURWUVFEREJock0zTXRjMlZ5ZG1WeUxXTmhRREUyTnpreU1qVTNOamd3V1RBVEJnY3Foa2pPClBRSUJCZ2dxaGtqT1BRTUJCd05DQUFTVHdzMHVVTCttRnJxUVIvcU9OY0ZRci9xeHdFZ0lncUhPdHFqanhLajQKY2pLM2grdGFETzRuUDRTZkwrS1NDbU1OT0czL1lkWis4TGV1bFlscUdWK3lvMEl3UURBT0JnTlZIUThCQWY4RQpCQU1DQXFRd0R3WURWUjBUQVFIL0JBVXdBd0VCL3pBZEJnTlZIUTRFRmdRVXhCSFZJL2Nkclh5Q3RVZlkyOE1ZCjhGbEtQaDB3Q2dZSUtvWkl6ajBFQXdJRFNBQXdSUUlnTFc3eThRUXRvaHhPZ3dyS1o1bkE5Z2NqV0hZVXhLMjcKMkJHMVpWZ0xRSDBDSVFEN3hOUlRDR1pUWE5yNXo4cW9xNUdhMVkvcmhwaXIrR0NPTFkvSmdSVnFNUT09Ci0tLS0tRU5EIENFUlRJRklDQVRFLS0tLS0K\n    server: https://74.220.27.104:6443\n  name: my-k8s-cluster\ncontexts:\n- context:\n    cluster: my-k8s-cluster\n    user: my-k8s-cluster\n  name: my-k8s-cluster\ncurrent-context: my-k8s-cluster\nkind: Config\npreferences: {}\nusers:\n- name: my-k8s-cluster\n  user:\n    client-certificate-data: LS0tLS1CRUdJTiBDRVJUSUZJQ0FURS0tLS0tCk1JSUJrakNDQVRlZ0F3SUJBZ0lJWFhOWW1vTUpJKzB3Q2dZSUtvWkl6ajBFQXdJd0l6RWhNQjhHQTFVRUF3d1kKYXpOekxXTnNhV1Z1ZEMxallVQXhOamM1TWpJMU56WTRNQjRYRFRJek1ETXhPVEV4TXpZd09Gb1hEVEkwTURNeApPREV4TXpZd09Gb3dNREVYTUJVR0ExVUVDaE1PYzNsemRHVnRPbTFoYzNSbGNuTXhGVEFUQmdOVkJBTVRESE41CmMzUmxiVHBoWkcxcGJqQlpNQk1HQnlxR1NNNDlBZ0VHQ0NxR1NNNDlBd0VIQTBJQUJGRXNaTHcyOHV4V1RSNmIKOEcyekJzWERxT1h6bmNSdklLTEVodXliaVQ4UXdiN3NvNWUwbWpLYk5KYkhyMXFieDRKNXBzbTl1RXdLWEh3dQpDc2YxSVV5alNEQkdNQTRHQTFVZER3RUIvd1FFQXdJRm9EQVRCZ05WSFNVRUREQUtCZ2dyQmdFRkJRY0RBakFmCkJnTlZIU01FR0RBV2dCU1R1Z3FXQUNuN25Gd1B0UXhKRU5WdUtrR0JZekFLQmdncWhrak9QUVFEQWdOSkFEQkcKQWlFQWlyVmpjb3FjN2R0TDV0Q3lId0orRW81YUViVkhUVVVMUXZBS3VQOC9obFlDSVFDYmNzdVRMYjk2OUtIUQpxdHp3MTN4ZDcxNTArWTFmRE04d3BlS0U0UUg2RlE9PQotLS0tLUVORCBDRVJUSUZJQ0FURS0tLS0tCi0tLS0tQkVHSU4gQ0VSVElGSUNBVEUtLS0tLQpNSUlCZURDQ0FSMmdBd0lCQWdJQkFEQUtCZ2dxaGtqT1BRUURBakFqTVNFd0h3WURWUVFEREJock0zTXRZMnhwClpXNTBMV05oUURFMk56a3lNalUzTmpnd0hoY05Nak13TXpFNU1URXpOakE0V2hjTk16TXdNekUyTVRFek5qQTQKV2pBak1TRXdId1lEVlFRRERCaHJNM010WTJ4cFpXNTBMV05oUURFMk56a3lNalUzTmpnd1dUQVRCZ2NxaGtqTwpQUUlCQmdncWhrak9QUU1CQndOQ0FBVHJ2SzVYbGxGWWNkcVVJdStyZ0d4emc1Mm01NDZ4NUsyZVppT1ZDZVRHCklIOWVKOXhBOTlENS9uS3Q3U2FSNjZqd2JienpndGVUNDVSVFdWbXM5VXJSbzBJd1FEQU9CZ05WSFE4QkFmOEUKQkFNQ0FxUXdEd1lEVlIwVEFRSC9CQVV3QXdFQi96QWRCZ05WSFE0RUZnUVVrN29LbGdBcCs1eGNEN1VNU1JEVgpiaXBCZ1dNd0NnWUlLb1pJemowRUF3SURTUUF3UmdJaEFLQ0hkWVV1eDh2Q1NLTjBpZjM3RFk4NmhhOWJWQkFWCjc4aWx1azFLV29QV0FpRUErS0ZBUXdkdkpFUlRrQ2NPWnMrMGkvczI4Q0xiOUxneXBFNFZPRTlNRHM0PQotLS0tLUVORCBDRVJUSUZJQ0FURS0tLS0tCg==\n    client-key-data: LS0tLS1CRUdJTiBFQyBQUklWQVRFIEtFWS0tLS0tCk1IY0NBUUVFSUdlNk5tN3hWdHhlV1NXQ1ZaN1k2RTVmV28yVTQxVXR3SG9VWlJhQ1pEZ1BvQW9HQ0NxR1NNNDkKQXdFSG9VUURRZ0FFVVN4a3ZEYnk3RlpOSHB2d2JiTUd4Y09vNWZPZHhHOGdvc1NHN0p1SlB4REJ2dXlqbDdTYQpNcHMwbHNldldwdkhnbm1teWIyNFRBcGNmQzRLeC9VaFRBPT0KLS0tLS1FTkQgRUMgUFJJVkFURSBLRVktLS0tLQo=\n",
            "kubernetes_version": "1.23.6-k3s1",
            "master_ip": "74.220.27.104",
            "name": "my-k8s-cluster",
            "network_id": "5bdf1729-0a3f-46a9-b066-931de0f38b7d",
            "num_target_nodes": 3,
            "pools": [
              {
                "instance_names": [
                  "k3s-my-k8s-cluster-e88b-cb1e4c-node-pool-e2a9-13m2b",
                  "k3s-my-k8s-cluster-e88b-cb1e4c-node-pool-e2a9-2u8ni",
                  "k3s-my-k8s-cluster-e88b-cb1e4c-node-pool-e2a9-85d2g"
                ],
                "label": "a9aad3c6-4767-42d6-8d23-373aad750ae5",
                "node_count": 3,
                "size": "g4s.kube.medium"
              }
            ],
            "ready": true,
            "region": "FRA1",
            "status": "ACTIVE",
            "tags": "",
            "target_nodes_size": "g4s.kube.medium",
            "timeouts": null
          },
          "sensitive_attributes": [],
          "private": "eyJlMmJmYjczMC1lY2FhLTExZTYtOGY4OC0zNDM2M2JjN2M0YzAiOnsiY3JlYXRlIjoxODAwMDAwMDAwMDAwLCJkZWxldGUiOjE4MDAwMDAwMDAwMDAsInVwZGF0ZSI6MTgwMDAwMDAwMDAwMH19",
          "dependencies": [
            "civo_firewall.fw_project",
            "data.civo_size.medium"
          ]
        }
      ]
    },
    {
      "mode": "managed",
      "type": "helm_release",
      "name": "certmanager",
      "provider": "provider[\"registry.terraform.io/hashicorp/helm\"]",
      "instances": [
        {
          "schema_version": 1,
          "attributes": {
            "atomic": false,
            "chart": "cert-manager",
            "cleanup_on_fail": false,
            "create_namespace": false,
            "dependency_update": false,
            "description": null,
            "devel": null,
            "disable_crd_hooks": false,
            "disable_openapi_validation": false,
            "disable_webhooks": false,
            "force_update": false,
            "id": "certmanager",
            "keyring": null,
            "lint": false,
            "manifest": null,
            "max_history": 0,
            "metadata": [
              {
                "app_version": "v1.11.0",
                "chart": "cert-manager",
                "name": "certmanager",
                "namespace": "certmanager",
                "revision": 1,
                "values": "{\"installCRDs\":true}",
                "version": "v1.11.0"
              }
            ],
            "name": "certmanager",
            "namespace": "certmanager",
            "pass_credentials": false,
            "postrender": [],
            "recreate_pods": false,
            "render_subchart_notes": true,
            "replace": false,
            "repository": "https://charts.jetstack.io",
            "repository_ca_file": null,
            "repository_cert_file": null,
            "repository_key_file": null,
            "repository_password": null,
            "repository_username": null,
            "reset_values": false,
            "reuse_values": false,
            "set": [
              {
                "name": "installCRDs",
                "type": "",
                "value": "true"
              }
            ],
            "set_sensitive": [],
            "skip_crds": false,
            "status": "deployed",
            "timeout": 300,
            "values": null,
            "verify": false,
            "version": "v1.11.0",
            "wait": true,
            "wait_for_jobs": false
          },
          "sensitive_attributes": [],
          "private": "eyJzY2hlbWFfdmVyc2lvbiI6IjEifQ==",
          "dependencies": [
            "civo_firewall.fw_project",
            "civo_kubernetes_cluster.k8s_demo_1",
            "data.civo_size.medium",
            "kubernetes_namespace.certmanager",
            "time_sleep.wait_for_kubernetes"
          ]
        }
      ]
    },
    {
      "mode": "managed",
      "type": "helm_release",
      "name": "traefik",
      "provider": "provider[\"registry.terraform.io/hashicorp/helm\"]",
      "instances": [
        {
          "schema_version": 1,
          "attributes": {
            "atomic": false,
            "chart": "traefik",
            "cleanup_on_fail": false,
            "create_namespace": false,
            "dependency_update": false,
            "description": null,
            "devel": null,
            "disable_crd_hooks": false,
            "disable_openapi_validation": false,
            "disable_webhooks": false,
            "force_update": false,
            "id": "traefik",
            "keyring": null,
            "lint": false,
            "manifest": null,
            "max_history": 0,
            "metadata": [
              {
                "app_version": "v2.9.8",
                "chart": "traefik",
                "name": "traefik",
                "namespace": "traefik",
                "revision": 1,
                "values": "{\"ingressClass\":{\"enabled\":true,\"isDefaultClass\":true},\"ports\":{\"web\":{\"redirectTo\":\"websecure\"},\"websecure\":{\"tls\":{\"enabled\":true}}}}",
                "version": "21.2.0"
              }
            ],
            "name": "traefik",
            "namespace": "traefik",
            "pass_credentials": false,
            "postrender": [],
            "recreate_pods": false,
            "render_subchart_notes": true,
            "replace": false,
            "repository": "https://helm.traefik.io/traefik",
            "repository_ca_file": null,
            "repository_cert_file": null,
            "repository_key_file": null,
            "repository_password": null,
            "repository_username": null,
            "reset_values": false,
            "reuse_values": false,
            "set": [
              {
                "name": "ingressClass.enabled",
                "type": "",
                "value": "true"
              },
              {
                "name": "ingressClass.isDefaultClass",
                "type": "",
                "value": "true"
              },
              {
                "name": "ports.web.redirectTo",
                "type": "",
                "value": "websecure"
              },
              {
                "name": "ports.websecure.tls.enabled",
                "type": "",
                "value": "true"
              }
            ],
            "set_sensitive": [],
            "skip_crds": false,
            "status": "deployed",
            "timeout": 300,
            "values": null,
            "verify": false,
            "version": "21.2.0",
            "wait": true,
            "wait_for_jobs": false
          },
          "sensitive_attributes": [],
          "private": "eyJzY2hlbWFfdmVyc2lvbiI6IjEifQ==",
          "dependencies": [
            "civo_firewall.fw_project",
            "civo_kubernetes_cluster.k8s_demo_1",
            "data.civo_size.medium",
            "kubernetes_namespace.traefik",
            "time_sleep.wait_for_kubernetes"
          ]
        }
      ]
    },
    {
      "mode": "managed",
      "type": "kubernetes_ingress_v1",
      "name": "portfolio-ingress",
      "provider": "provider[\"registry.terraform.io/hashicorp/kubernetes\"]",
      "instances": [
        {
          "schema_version": 0,
          "attributes": {
            "id": "default/web-app-portfoilio",
            "metadata": [
              {
                "annotations": {
                  "kubernetes.io/ingress.class": "nginx"
                },
                "generate_name": "",
                "generation": 1,
                "labels": {
                  "name": "web-app-portfolio"
                },
                "name": "web-app-portfoilio",
                "namespace": "default",
                "resource_version": "308",
                "uid": "a7115fed-79ab-484f-8e0f-edf2cf6eb19c"
              }
            ],
            "spec": [
              {
                "default_backend": [],
                "ingress_class_name": "",
                "rule": [
                  {
                    "host": "web-app-portfolio.mbanugo.bulgogi174.messwithdns.com",
                    "http": [
                      {
                        "path": [
                          {
                            "backend": [
                              {
                                "resource": [],
                                "service": [
                                  {
                                    "name": "web-app-portfolio",
                                    "port": [
                                      {
                                        "name": "",
                                        "number": 80
                                      }
                                    ]
                                  }
                                ]
                              }
                            ],
                            "path": "",
                            "path_type": "ImplementationSpecific"
                          }
                        ]
                      }
                    ]
                  }
                ],
                "tls": []
              }
            ],
            "status": [
              {
                "load_balancer": [
                  {
                    "ingress": []
                  }
                ]
              }
            ],
            "wait_for_load_balancer": null
          },
          "sensitive_attributes": [],
          "private": "bnVsbA==",
          "dependencies": [
            "civo_firewall.fw_project",
            "civo_kubernetes_cluster.k8s_demo_1",
            "data.civo_size.medium"
          ]
        }
      ]
    },
    {
      "mode": "managed",
      "type": "kubernetes_ingress_v1",
      "name": "shop-ingress",
      "provider": "provider[\"registry.terraform.io/hashicorp/kubernetes\"]",
      "instances": [
        {
          "schema_version": 0,
          "attributes": {
            "id": "sock-shop/sock-shop",
            "metadata": [
              {
                "annotations": {
                  "kubernetes.io/ingress.class": "nginx"
                },
                "generate_name": "",
                "generation": 1,
                "labels": {
                  "name": "web-app"
                },
                "name": "sock-shop",
                "namespace": "sock-shop",
                "resource_version": "310",
                "uid": "103d1c2e-936c-4611-bf94-73c25cb494b8"
              }
            ],
            "spec": [
              {
                "default_backend": [],
                "ingress_class_name": "",
                "rule": [
                  {
                    "host": "sock-shop.mbanugo.bulgogi174.messwithdns.com",
                    "http": [
                      {
                        "path": [
                          {
                            "backend": [
                              {
                                "resource": [],
                                "service": [
                                  {
                                    "name": "web-app",
                                    "port": [
                                      {
                                        "name": "",
                                        "number": 80
                                      }
                                    ]
                                  }
                                ]
                              }
                            ],
                            "path": "",
                            "path_type": "ImplementationSpecific"
                          }
                        ]
                      }
                    ]
                  }
                ],
                "tls": []
              }
            ],
            "status": [
              {
                "load_balancer": [
                  {
                    "ingress": []
                  }
                ]
              }
            ],
            "wait_for_load_balancer": null
          },
          "sensitive_attributes": [],
          "private": "bnVsbA==",
          "dependencies": [
            "civo_firewall.fw_project",
            "civo_kubernetes_cluster.k8s_demo_1",
            "data.civo_size.medium"
          ]
        }
      ]
    },
    {
      "mode": "managed",
      "type": "kubernetes_namespace",
      "name": "certmanager",
      "provider": "provider[\"registry.terraform.io/hashicorp/kubernetes\"]",
      "instances": [
        {
          "schema_version": 0,
          "attributes": {
            "id": "certmanager",
            "metadata": [
              {
                "annotations": null,
                "generate_name": "",
                "generation": 0,
                "labels": null,
                "name": "certmanager",
                "resource_version": "502",
                "uid": "6dd3d6c3-0a3a-446e-ae1d-162169c50903"
              }
            ],
            "timeouts": null
          },
          "sensitive_attributes": [],
          "private": "eyJlMmJmYjczMC1lY2FhLTExZTYtOGY4OC0zNDM2M2JjN2M0YzAiOnsiZGVsZXRlIjozMDAwMDAwMDAwMDB9fQ==",
          "dependencies": [
            "civo_firewall.fw_project",
            "civo_kubernetes_cluster.k8s_demo_1",
            "data.civo_size.medium",
            "time_sleep.wait_for_kubernetes"
          ]
        }
      ]
    },
    {
      "mode": "managed",
      "type": "kubernetes_namespace",
      "name": "kube-namespace",
      "provider": "provider[\"registry.terraform.io/hashicorp/kubernetes\"]",
      "instances": [
        {
          "schema_version": 0,
          "attributes": {
            "id": "sock-shop",
            "metadata": [
              {
                "annotations": null,
                "generate_name": "",
                "generation": 0,
                "labels": null,
                "name": "sock-shop",
                "resource_version": "309",
                "uid": "6a7a01ea-7e84-4b6c-83bd-4e979fa4ed5a"
              }
            ],
            "timeouts": null
          },
          "sensitive_attributes": [],
          "private": "eyJlMmJmYjczMC1lY2FhLTExZTYtOGY4OC0zNDM2M2JjN2M0YzAiOnsiZGVsZXRlIjozMDAwMDAwMDAwMDB9fQ==",
          "dependencies": [
            "civo_firewall.fw_project",
            "civo_kubernetes_cluster.k8s_demo_1",
            "data.civo_size.medium"
          ]
        }
      ]
    },
    {
      "mode": "managed",
      "type": "kubernetes_namespace",
      "name": "traefik",
      "provider": "provider[\"registry.terraform.io/hashicorp/kubernetes\"]",
      "instances": [
        {
          "schema_version": 0,
          "attributes": {
            "id": "traefik",
            "metadata": [
              {
                "annotations": null,
                "generate_name": "",
                "generation": 0,
                "labels": null,
                "name": "traefik",
                "resource_version": "503",
                "uid": "0610bb74-52a9-41dd-a730-50e30781d1c7"
              }
            ],
            "timeouts": null
          },
          "sensitive_attributes": [],
          "private": "eyJlMmJmYjczMC1lY2FhLTExZTYtOGY4OC0zNDM2M2JjN2M0YzAiOnsiZGVsZXRlIjozMDAwMDAwMDAwMDB9fQ==",
          "dependencies": [
            "civo_firewall.fw_project",
            "civo_kubernetes_cluster.k8s_demo_1",
            "data.civo_size.medium",
            "time_sleep.wait_for_kubernetes"
          ]
        }
      ]
    },
    {
      "mode": "managed",
      "type": "time_sleep",
      "name": "wait_for_certmanager",
      "provider": "provider[\"registry.terraform.io/hashicorp/time\"]",
      "instances": [
        {
          "schema_version": 0,
          "attributes": {
            "create_duration": "10s",
            "destroy_duration": null,
            "id": "2023-03-19T11:37:38Z",
            "triggers": null
          },
          "sensitive_attributes": [],
          "dependencies": [
            "civo_firewall.fw_project",
            "civo_kubernetes_cluster.k8s_demo_1",
            "data.civo_size.medium",
            "helm_release.certmanager",
            "kubernetes_namespace.certmanager",
            "time_sleep.wait_for_kubernetes"
          ]
        }
      ]
    },
    {
      "mode": "managed",
      "type": "time_sleep",
      "name": "wait_for_kubernetes",
      "provider": "provider[\"registry.terraform.io/hashicorp/time\"]",
      "instances": [
        {
          "schema_version": 0,
          "attributes": {
            "create_duration": "20s",
            "destroy_duration": null,
            "id": "2023-03-19T11:36:41Z",
            "triggers": null
          },
          "sensitive_attributes": [],
          "dependencies": [
            "civo_firewall.fw_project",
            "civo_kubernetes_cluster.k8s_demo_1",
            "data.civo_size.medium"
          ]
        }
      ]
    }
  ],
  "check_results": null
}
