{
  "version": 4,
  "terraform_version": "1.4.0",
  "serial": 50,
  "lineage": "dccc981b-8a3b-fb93-f17a-ea955609f04f",
  "outputs": {},
  "resources": [
    {
      "mode": "data",
      "type": "civo_size",
      "name": "medium",
      "provider": "provider[\"registry.terraform.io/civo/civo\"]",
      "instances": [
        {
          "schema_version": 0,
          "attributes": {
            "filter": [
              {
                "all": false,
                "key": "name",
                "match_by": "re",
                "values": [
                  "g4s.kube.medium"
                ]
              }
            ],
            "id": "terraform-20230319123144845900000001",
            "sizes": [
              {
                "cpu": 2,
                "description": "Medium - Standard",
                "disk": 50,
                "name": "g4s.kube.medium",
                "ram": 4096,
                "selectable": true,
                "type": "kubernetes"
              }
            ],
            "sort": null
          },
          "sensitive_attributes": []
        }
      ]
    },
    {
      "mode": "managed",
      "type": "civo_firewall",
      "name": "fw_project",
      "provider": "provider[\"registry.terraform.io/civo/civo\"]",
      "instances": [
        {
          "schema_version": 0,
          "attributes": {
            "create_default_rules": true,
            "egress_rule": [
              {
                "action": "allow",
                "cidr": [
                  "0.0.0.0/0"
                ],
                "id": "2bd79e20-9a17-4317-8817-38fb779a367c",
                "label": "Ping/traceroute",
                "port_range": "",
                "protocol": "icmp"
              },
              {
                "action": "allow",
                "cidr": [
                  "0.0.0.0/0"
                ],
                "id": "bea92758-f7fe-4b52-bdd4-54269db9ab72",
                "label": "All TCP ports open",
                "port_range": "1-65535",
                "protocol": "tcp"
              },
              {
                "action": "allow",
                "cidr": [
                  "0.0.0.0/0"
                ],
                "id": "e494e64b-50a2-4777-b212-eb0b197f3303",
                "label": "All UDP ports open",
                "port_range": "1-65535",
                "protocol": "udp"
              }
            ],
            "id": "1edcf12c-8d14-4ec4-b57f-f921dd296545",
            "ingress_rule": [
              {
                "action": "allow",
                "cidr": [
                  "0.0.0.0/0"
                ],
                "id": "0ad770f8-7483-4d0c-9dd3-ae52714a29b6",
                "label": "Ping/traceroute",
                "port_range": "",
                "protocol": "icmp"
              },
              {
                "action": "allow",
                "cidr": [
                  "0.0.0.0/0"
                ],
                "id": "3e0c7a5a-8014-499e-8df1-827355cf745e",
                "label": "All UDP ports open",
                "port_range": "1-65535",
                "protocol": "udp"
              },
              {
                "action": "allow",
                "cidr": [
                  "0.0.0.0/0"
                ],
                "id": "f7bc6c37-366c-4c22-bc53-b1460b178f63",
                "label": "All TCP ports open",
                "port_range": "1-65535",
                "protocol": "tcp"
              }
            ],
            "name": "fw_project",
            "network_id": "5bdf1729-0a3f-46a9-b066-931de0f38b7d",
            "region": "FRA1"
          },
          "sensitive_attributes": [],
          "private": "bnVsbA=="
        }
      ]
    },
    {
      "mode": "managed",
      "type": "civo_firewall_rule",
      "name": "kubernetes_api",
      "provider": "provider[\"registry.terraform.io/civo/civo\"]",
      "instances": [
        {
          "schema_version": 0,
          "attributes": {
            "action": "allow",
            "cidr": [
              "0.0.0.0/0"
            ],
            "direction": "ingress",
            "end_port": "6443",
            "firewall_id": "1edcf12c-8d14-4ec4-b57f-f921dd296545",
            "id": "b0542df1-80ee-49b9-8f1d-78627023dcf4",
            "label": "kubernetes_api",
            "protocol": "tcp",
            "region": null,
            "start_port": "6443"
          },
          "sensitive_attributes": [],
          "private": "bnVsbA==",
          "dependencies": [
            "civo_firewall.fw_project"
          ]
        }
      ]
    },
    {
      "mode": "managed",
      "type": "civo_firewall_rule",
      "name": "kubernetes_http",
      "provider": "provider[\"registry.terraform.io/civo/civo\"]",
      "instances": [
        {
          "schema_version": 0,
          "attributes": {
            "action": "allow",
            "cidr": [
              "0.0.0.0/0"
            ],
            "direction": "ingress",
            "end_port": "80",
            "firewall_id": "1edcf12c-8d14-4ec4-b57f-f921dd296545",
            "id": "f15bc09e-985d-4071-8ef9-5e2782a2087e",
            "label": "kubernetes_http",
            "protocol": "tcp",
            "region": null,
            "start_port": "80"
          },
          "sensitive_attributes": [],
          "private": "bnVsbA==",
          "dependencies": [
            "civo_firewall.fw_project"
          ]
        }
      ]
    },
    {
      "mode": "managed",
      "type": "civo_firewall_rule",
      "name": "kubernetes_https",
      "provider": "provider[\"registry.terraform.io/civo/civo\"]",
      "instances": [
        {
          "schema_version": 0,
          "attributes": {
            "action": "allow",
            "cidr": [
              "0.0.0.0/0"
            ],
            "direction": "ingress",
            "end_port": "443",
            "firewall_id": "1edcf12c-8d14-4ec4-b57f-f921dd296545",
            "id": "892fd87c-61c8-4e15-8729-d3403b97a8cb",
            "label": "kubernetes_https",
            "protocol": "tcp",
            "region": null,
            "start_port": "443"
          },
          "sensitive_attributes": [],
          "private": "bnVsbA==",
          "dependencies": [
            "civo_firewall.fw_project"
          ]
        }
      ]
    },
    {
      "mode": "managed",
      "type": "civo_kubernetes_cluster",
      "name": "k8s_demo_1",
      "provider": "provider[\"registry.terraform.io/civo/civo\"]",
      "instances": [
        {
          "schema_version": 0,
          "attributes": {
            "api_endpoint": "https://74.220.29.101:6443",
            "applications": "",
            "cluster_type": "k3s",
            "cni": "flannel",
            "created_at": "2023-03-19 12:32:37 +0000 UTC",
            "dns_entry": "6971ee20-bbb9-41ad-8908-047cefe6561c.k8s.civo.com",
            "firewall_id": "1edcf12c-8d14-4ec4-b57f-f921dd296545",
            "id": "6971ee20-bbb9-41ad-8908-047cefe6561c",
            "installed_applications": [],
            "kubeconfig": "apiVersion: v1\nclusters:\n- cluster:\n    certificate-authority-data: LS0tLS1CRUdJTiBDRVJUSUZJQ0FURS0tLS0tCk1JSUJlRENDQVIyZ0F3SUJBZ0lCQURBS0JnZ3Foa2pPUFFRREFqQWpNU0V3SHdZRFZRUUREQmhyTTNNdGMyVnkKZG1WeUxXTmhRREUyTnpreU1qa3lOVEF3SGhjTk1qTXdNekU1TVRJek5ERXdXaGNOTXpNd016RTJNVEl6TkRFdwpXakFqTVNFd0h3WURWUVFEREJock0zTXRjMlZ5ZG1WeUxXTmhRREUyTnpreU1qa3lOVEF3V1RBVEJnY3Foa2pPClBRSUJCZ2dxaGtqT1BRTUJCd05DQUFUdG96d1QrenlyNDBQOXVMU2lMdFk5ZHdIeDRrV0hGeEgxWFQ0SnFwT04KVEZnQnlvajBoK2lEVHNMbDBtcUhXMW9kWEFzN0RoL2g4dHVZcDhheW9vTWdvMEl3UURBT0JnTlZIUThCQWY4RQpCQU1DQXFRd0R3WURWUjBUQVFIL0JBVXdBd0VCL3pBZEJnTlZIUTRFRmdRVWc2Y3JrRit6dmN2Y1dFR2YzMk42CkphMzJKWUl3Q2dZSUtvWkl6ajBFQXdJRFNRQXdSZ0loQUlkaGZJdkdocE5yVW96bnpGbit2ZStseWplT0JnMngKZEg1MjVpRERYNnhjQWlFQXlsT2FYdDlmMlhETnVBT2FEay9QYXVBaDBWL3Fxc05OMlBydmtzQnBqVXc9Ci0tLS0tRU5EIENFUlRJRklDQVRFLS0tLS0K\n    server: https://74.220.29.101:6443\n  name: my-k8s-cluster\ncontexts:\n- context:\n    cluster: my-k8s-cluster\n    user: my-k8s-cluster\n  name: my-k8s-cluster\ncurrent-context: my-k8s-cluster\nkind: Config\npreferences: {}\nusers:\n- name: my-k8s-cluster\n  user:\n    client-certificate-data: LS0tLS1CRUdJTiBDRVJUSUZJQ0FURS0tLS0tCk1JSUJrVENDQVRlZ0F3SUJBZ0lJSDMxcWNxaERQczB3Q2dZSUtvWkl6ajBFQXdJd0l6RWhNQjhHQTFVRUF3d1kKYXpOekxXTnNhV1Z1ZEMxallVQXhOamM1TWpJNU1qVXdNQjRYRFRJek1ETXhPVEV5TXpReE1Gb1hEVEkwTURNeApPREV5TXpReE1Gb3dNREVYTUJVR0ExVUVDaE1PYzNsemRHVnRPbTFoYzNSbGNuTXhGVEFUQmdOVkJBTVRESE41CmMzUmxiVHBoWkcxcGJqQlpNQk1HQnlxR1NNNDlBZ0VHQ0NxR1NNNDlBd0VIQTBJQUJJNTgzZUtWS2o5aWhyR3MKUGtiN3ZpZTFDTm81TWZDM3UxOVhLYkVwbmRMOUZNN0hDcHBGMytoeHQ2ZVRjNERMVXA4ZFNWTGVCYWNhWFUragphdU4yZGp5alNEQkdNQTRHQTFVZER3RUIvd1FFQXdJRm9EQVRCZ05WSFNVRUREQUtCZ2dyQmdFRkJRY0RBakFmCkJnTlZIU01FR0RBV2dCUlpuWU9xSE56cTVjT0FaL3QzODhwcEI2WStBREFLQmdncWhrak9QUVFEQWdOSUFEQkYKQWlFQXdvaFRrcmdyNnA5eUVTRzR5NWtQNWJ1WmlkNm9mVEExd1dxWVNUVzgydVlDSUd5ZTAyd1B4UzhlbWk2YQpzdm9qNENoVURzbjVzM3dUMmJIcXFrajF6VUNUCi0tLS0tRU5EIENFUlRJRklDQVRFLS0tLS0KLS0tLS1CRUdJTiBDRVJUSUZJQ0FURS0tLS0tCk1JSUJkekNDQVIyZ0F3SUJBZ0lCQURBS0JnZ3Foa2pPUFFRREFqQWpNU0V3SHdZRFZRUUREQmhyTTNNdFkyeHAKWlc1MExXTmhRREUyTnpreU1qa3lOVEF3SGhjTk1qTXdNekU1TVRJek5ERXdXaGNOTXpNd016RTJNVEl6TkRFdwpXakFqTVNFd0h3WURWUVFEREJock0zTXRZMnhwWlc1MExXTmhRREUyTnpreU1qa3lOVEF3V1RBVEJnY3Foa2pPClBRSUJCZ2dxaGtqT1BRTUJCd05DQUFRYlRIV2p0UXQwUGMvQkFxbzFrNE1hdFNMdDA1T3VhbDk3NUNzYmNHR2UKam5rZEsrWnljdEZha1lxMXpydnRaWXBrb0NKTUR6UkppS1BUUjJIeTEwTHRvMEl3UURBT0JnTlZIUThCQWY4RQpCQU1DQXFRd0R3WURWUjBUQVFIL0JBVXdBd0VCL3pBZEJnTlZIUTRFRmdRVVdaMkRxaHpjNnVYRGdHZjdkL1BLCmFRZW1QZ0F3Q2dZSUtvWkl6ajBFQXdJRFNBQXdSUUlnQTdCRktmQjFxSmY2ekJwcFQ4b3N1WFYxTFlUWEhTMEUKWCs0bG5NaG9KNklDSVFEdkEvTXlNR2ZEdUdWZkJuc3dXWFA5emdaQ2cwWW1PMFFtQ29kUEVIcGI4QT09Ci0tLS0tRU5EIENFUlRJRklDQVRFLS0tLS0K\n    client-key-data: LS0tLS1CRUdJTiBFQyBQUklWQVRFIEtFWS0tLS0tCk1IY0NBUUVFSUFYclcvUzJTc3FTNUlrbk9wTk1SRjB1bExBa21DRW1EbUE4RFArRjR3RzNvQW9HQ0NxR1NNNDkKQXdFSG9VUURRZ0FFam56ZDRwVXFQMktHc2F3K1J2dStKN1VJMmpreDhMZTdYMWNwc1NtZDB2MFV6c2NLbWtYZgo2SEczcDVOemdNdFNueDFKVXQ0RnB4cGRUNk5xNDNaMlBBPT0KLS0tLS1FTkQgRUMgUFJJVkFURSBLRVktLS0tLQo=\n",
            "kubernetes_version": "1.23.6-k3s1",
            "master_ip": "74.220.29.101",
            "name": "my-k8s-cluster",
            "network_id": "5bdf1729-0a3f-46a9-b066-931de0f38b7d",
            "num_target_nodes": 3,
            "pools": [
              {
                "instance_names": [
                  "k3s-my-k8s-cluster-e88b-ab331d-node-pool-e7a1-5wj8h",
                  "k3s-my-k8s-cluster-e88b-ab331d-node-pool-e7a1-o9yxj",
                  "k3s-my-k8s-cluster-e88b-ab331d-node-pool-e7a1-qvbwe"
                ],
                "label": "bdbde443-42cb-460c-8c8c-5cc03ac1ba6f",
                "node_count": 3,
                "size": "g4s.kube.medium"
              }
            ],
            "ready": true,
            "region": "FRA1",
            "status": "ACTIVE",
            "tags": "",
            "target_nodes_size": "g4s.kube.medium",
            "timeouts": null
          },
          "sensitive_attributes": [],
          "private": "eyJlMmJmYjczMC1lY2FhLTExZTYtOGY4OC0zNDM2M2JjN2M0YzAiOnsiY3JlYXRlIjoxODAwMDAwMDAwMDAwLCJkZWxldGUiOjE4MDAwMDAwMDAwMDAsInVwZGF0ZSI6MTgwMDAwMDAwMDAwMH19",
          "dependencies": [
            "civo_firewall.fw_project",
            "data.civo_size.medium"
          ]
        }
      ]
    },
    {
      "mode": "managed",
      "type": "helm_release",
      "name": "certmanager",
      "provider": "provider[\"registry.terraform.io/hashicorp/helm\"]",
      "instances": [
        {
          "schema_version": 1,
          "attributes": {
            "atomic": false,
            "chart": "cert-manager",
            "cleanup_on_fail": false,
            "create_namespace": false,
            "dependency_update": false,
            "description": null,
            "devel": null,
            "disable_crd_hooks": false,
            "disable_openapi_validation": false,
            "disable_webhooks": false,
            "force_update": false,
            "id": "certmanager",
            "keyring": null,
            "lint": false,
            "manifest": null,
            "max_history": 0,
            "metadata": [
              {
                "app_version": "v1.11.0",
                "chart": "cert-manager",
                "name": "certmanager",
                "namespace": "certmanager",
                "revision": 1,
                "values": "{\"installCRDs\":true}",
                "version": "v1.11.0"
              }
            ],
            "name": "certmanager",
            "namespace": "certmanager",
            "pass_credentials": false,
            "postrender": [],
            "recreate_pods": false,
            "render_subchart_notes": true,
            "replace": false,
            "repository": "https://charts.jetstack.io",
            "repository_ca_file": null,
            "repository_cert_file": null,
            "repository_key_file": null,
            "repository_password": null,
            "repository_username": null,
            "reset_values": false,
            "reuse_values": false,
            "set": [
              {
                "name": "installCRDs",
                "type": "",
                "value": "true"
              }
            ],
            "set_sensitive": [],
            "skip_crds": false,
            "status": "deployed",
            "timeout": 300,
            "values": null,
            "verify": false,
            "version": "v1.11.0",
            "wait": true,
            "wait_for_jobs": false
          },
          "sensitive_attributes": [],
          "private": "eyJzY2hlbWFfdmVyc2lvbiI6IjEifQ==",
          "dependencies": [
            "civo_firewall.fw_project",
            "civo_kubernetes_cluster.k8s_demo_1",
            "data.civo_size.medium",
            "kubernetes_namespace.certmanager",
            "time_sleep.wait_for_kubernetes"
          ]
        }
      ]
    },
    {
      "mode": "managed",
      "type": "helm_release",
      "name": "traefik",
      "provider": "provider[\"registry.terraform.io/hashicorp/helm\"]",
      "instances": [
        {
          "schema_version": 1,
          "attributes": {
            "atomic": false,
            "chart": "traefik",
            "cleanup_on_fail": false,
            "create_namespace": false,
            "dependency_update": false,
            "description": null,
            "devel": null,
            "disable_crd_hooks": false,
            "disable_openapi_validation": false,
            "disable_webhooks": false,
            "force_update": false,
            "id": "traefik",
            "keyring": null,
            "lint": false,
            "manifest": null,
            "max_history": 0,
            "metadata": [
              {
                "app_version": "v2.9.8",
                "chart": "traefik",
                "name": "traefik",
                "namespace": "traefik",
                "revision": 1,
                "values": "{\"ingressClass\":{\"enabled\":true,\"isDefaultClass\":true},\"ports\":{\"web\":{\"redirectTo\":\"websecure\"},\"websecure\":{\"tls\":{\"enabled\":true}}}}",
                "version": "21.2.0"
              }
            ],
            "name": "traefik",
            "namespace": "traefik",
            "pass_credentials": false,
            "postrender": [],
            "recreate_pods": false,
            "render_subchart_notes": true,
            "replace": false,
            "repository": "https://helm.traefik.io/traefik",
            "repository_ca_file": null,
            "repository_cert_file": null,
            "repository_key_file": null,
            "repository_password": null,
            "repository_username": null,
            "reset_values": false,
            "reuse_values": false,
            "set": [
              {
                "name": "ingressClass.enabled",
                "type": "",
                "value": "true"
              },
              {
                "name": "ingressClass.isDefaultClass",
                "type": "",
                "value": "true"
              },
              {
                "name": "ports.web.redirectTo",
                "type": "",
                "value": "websecure"
              },
              {
                "name": "ports.websecure.tls.enabled",
                "type": "",
                "value": "true"
              }
            ],
            "set_sensitive": [],
            "skip_crds": false,
            "status": "deployed",
            "timeout": 300,
            "values": null,
            "verify": false,
            "version": "21.2.0",
            "wait": true,
            "wait_for_jobs": false
          },
          "sensitive_attributes": [],
          "private": "eyJzY2hlbWFfdmVyc2lvbiI6IjEifQ==",
          "dependencies": [
            "civo_firewall.fw_project",
            "civo_kubernetes_cluster.k8s_demo_1",
            "data.civo_size.medium",
            "kubernetes_namespace.traefik",
            "time_sleep.wait_for_kubernetes"
          ]
        }
      ]
    },
    {
      "mode": "managed",
      "type": "kubernetes_ingress_v1",
      "name": "portfolio-ingress",
      "provider": "provider[\"registry.terraform.io/hashicorp/kubernetes\"]",
      "instances": [
        {
          "schema_version": 0,
          "attributes": {
            "id": "default/web-app-portfoilio",
            "metadata": [
              {
                "annotations": {
                  "kubernetes.io/ingress.class": "nginx"
                },
                "generate_name": "",
                "generation": 1,
                "labels": {
                  "name": "web-app-portfolio"
                },
                "name": "web-app-portfoilio",
                "namespace": "default",
                "resource_version": "341",
                "uid": "c4ab573f-92b2-4873-944a-fb1766bed3f0"
              }
            ],
            "spec": [
              {
                "default_backend": [],
                "ingress_class_name": "",
                "rule": [
                  {
                    "host": "web-app-portfolio.mbanugo.bulgogi174.messwithdns.com",
                    "http": [
                      {
                        "path": [
                          {
                            "backend": [
                              {
                                "resource": [],
                                "service": [
                                  {
                                    "name": "web-app-portfolio",
                                    "port": [
                                      {
                                        "name": "",
                                        "number": 80
                                      }
                                    ]
                                  }
                                ]
                              }
                            ],
                            "path": "",
                            "path_type": "ImplementationSpecific"
                          }
                        ]
                      }
                    ]
                  }
                ],
                "tls": []
              }
            ],
            "status": [
              {
                "load_balancer": [
                  {
                    "ingress": []
                  }
                ]
              }
            ],
            "wait_for_load_balancer": null
          },
          "sensitive_attributes": [],
          "private": "bnVsbA==",
          "dependencies": [
            "civo_firewall.fw_project",
            "civo_kubernetes_cluster.k8s_demo_1",
            "data.civo_size.medium"
          ]
        }
      ]
    },
    {
      "mode": "managed",
      "type": "kubernetes_ingress_v1",
      "name": "shop-ingress",
      "provider": "provider[\"registry.terraform.io/hashicorp/kubernetes\"]",
      "instances": [
        {
          "schema_version": 0,
          "attributes": {
            "id": "sock-shop/sock-shop",
            "metadata": [
              {
                "annotations": {
                  "kubernetes.io/ingress.class": "nginx"
                },
                "generate_name": "",
                "generation": 1,
                "labels": {
                  "name": "web-app"
                },
                "name": "sock-shop",
                "namespace": "sock-shop",
                "resource_version": "343",
                "uid": "9e444ef1-389d-45de-8425-81408a164dae"
              }
            ],
            "spec": [
              {
                "default_backend": [],
                "ingress_class_name": "",
                "rule": [
                  {
                    "host": "sock-shop.mbanugo.bulgogi174.messwithdns.com",
                    "http": [
                      {
                        "path": [
                          {
                            "backend": [
                              {
                                "resource": [],
                                "service": [
                                  {
                                    "name": "web-app",
                                    "port": [
                                      {
                                        "name": "",
                                        "number": 80
                                      }
                                    ]
                                  }
                                ]
                              }
                            ],
                            "path": "",
                            "path_type": "ImplementationSpecific"
                          }
                        ]
                      }
                    ]
                  }
                ],
                "tls": []
              }
            ],
            "status": [
              {
                "load_balancer": [
                  {
                    "ingress": []
                  }
                ]
              }
            ],
            "wait_for_load_balancer": null
          },
          "sensitive_attributes": [],
          "private": "bnVsbA==",
          "dependencies": [
            "civo_firewall.fw_project",
            "civo_kubernetes_cluster.k8s_demo_1",
            "data.civo_size.medium"
          ]
        }
      ]
    },
    {
      "mode": "managed",
      "type": "kubernetes_namespace",
      "name": "certmanager",
      "provider": "provider[\"registry.terraform.io/hashicorp/kubernetes\"]",
      "instances": [
        {
          "schema_version": 0,
          "attributes": {
            "id": "certmanager",
            "metadata": [
              {
                "annotations": null,
                "generate_name": "",
                "generation": 0,
                "labels": null,
                "name": "certmanager",
                "resource_version": "524",
                "uid": "3e491a16-c6a2-45a8-af78-4e8b5bb260cf"
              }
            ],
            "timeouts": null
          },
          "sensitive_attributes": [],
          "private": "eyJlMmJmYjczMC1lY2FhLTExZTYtOGY4OC0zNDM2M2JjN2M0YzAiOnsiZGVsZXRlIjozMDAwMDAwMDAwMDB9fQ==",
          "dependencies": [
            "civo_firewall.fw_project",
            "civo_kubernetes_cluster.k8s_demo_1",
            "data.civo_size.medium",
            "time_sleep.wait_for_kubernetes"
          ]
        }
      ]
    },
    {
      "mode": "managed",
      "type": "kubernetes_namespace",
      "name": "kube-namespace",
      "provider": "provider[\"registry.terraform.io/hashicorp/kubernetes\"]",
      "instances": [
        {
          "schema_version": 0,
          "attributes": {
            "id": "sock-shop",
            "metadata": [
              {
                "annotations": null,
                "generate_name": "",
                "generation": 0,
                "labels": null,
                "name": "sock-shop",
                "resource_version": "342",
                "uid": "ec0cdc69-5500-4a6c-9f0a-d9809082f66a"
              }
            ],
            "timeouts": null
          },
          "sensitive_attributes": [],
          "private": "eyJlMmJmYjczMC1lY2FhLTExZTYtOGY4OC0zNDM2M2JjN2M0YzAiOnsiZGVsZXRlIjozMDAwMDAwMDAwMDB9fQ==",
          "dependencies": [
            "civo_firewall.fw_project",
            "civo_kubernetes_cluster.k8s_demo_1",
            "data.civo_size.medium"
          ]
        }
      ]
    },
    {
      "mode": "managed",
      "type": "kubernetes_namespace",
      "name": "traefik",
      "provider": "provider[\"registry.terraform.io/hashicorp/kubernetes\"]",
      "instances": [
        {
          "schema_version": 0,
          "attributes": {
            "id": "traefik",
            "metadata": [
              {
                "annotations": null,
                "generate_name": "",
                "generation": 0,
                "labels": null,
                "name": "traefik",
                "resource_version": "521",
                "uid": "212e1909-948f-49c6-8545-34f54d39be85"
              }
            ],
            "timeouts": null
          },
          "sensitive_attributes": [],
          "private": "eyJlMmJmYjczMC1lY2FhLTExZTYtOGY4OC0zNDM2M2JjN2M0YzAiOnsiZGVsZXRlIjozMDAwMDAwMDAwMDB9fQ==",
          "dependencies": [
            "civo_firewall.fw_project",
            "civo_kubernetes_cluster.k8s_demo_1",
            "data.civo_size.medium",
            "time_sleep.wait_for_kubernetes"
          ]
        }
      ]
    },
    {
      "mode": "managed",
      "type": "time_sleep",
      "name": "wait_for_certmanager",
      "provider": "provider[\"registry.terraform.io/hashicorp/time\"]",
      "instances": [
        {
          "schema_version": 0,
          "attributes": {
            "create_duration": "10s",
            "destroy_duration": null,
            "id": "2023-03-19T12:35:41Z",
            "triggers": null
          },
          "sensitive_attributes": [],
          "dependencies": [
            "civo_firewall.fw_project",
            "civo_kubernetes_cluster.k8s_demo_1",
            "data.civo_size.medium",
            "helm_release.certmanager",
            "kubernetes_namespace.certmanager",
            "time_sleep.wait_for_kubernetes"
          ]
        }
      ]
    },
    {
      "mode": "managed",
      "type": "time_sleep",
      "name": "wait_for_kubernetes",
      "provider": "provider[\"registry.terraform.io/hashicorp/time\"]",
      "instances": [
        {
          "schema_version": 0,
          "attributes": {
            "create_duration": "20s",
            "destroy_duration": null,
            "id": "2023-03-19T12:34:43Z",
            "triggers": null
          },
          "sensitive_attributes": [],
          "dependencies": [
            "civo_firewall.fw_project",
            "civo_kubernetes_cluster.k8s_demo_1",
            "data.civo_size.medium"
          ]
        }
      ]
    }
  ],
  "check_results": null
}
